// !$*UTF8*$!
{
	archiveVersion = 1;
	classes = {
	};
	objectVersion = 46;
	objects = {

/* Begin PBXBuildFile section */
		537D778A197ABDFD0026A536 /* Foundation.framework in Frameworks */ = {isa = PBXBuildFile; fileRef = 537D7789197ABDFD0026A536 /* Foundation.framework */; };
		537D778C197ABDFD0026A536 /* CoreGraphics.framework in Frameworks */ = {isa = PBXBuildFile; fileRef = 537D778B197ABDFD0026A536 /* CoreGraphics.framework */; };
		537D778E197ABDFD0026A536 /* UIKit.framework in Frameworks */ = {isa = PBXBuildFile; fileRef = 537D778D197ABDFD0026A536 /* UIKit.framework */; };
		537D7794197ABDFD0026A536 /* InfoPlist.strings in Resources */ = {isa = PBXBuildFile; fileRef = 537D7792197ABDFD0026A536 /* InfoPlist.strings */; };
		537D7796197ABDFD0026A536 /* main.m in Sources */ = {isa = PBXBuildFile; fileRef = 537D7795197ABDFD0026A536 /* main.m */; };
		537D779A197ABDFD0026A536 /* OWAppDelegate.m in Sources */ = {isa = PBXBuildFile; fileRef = 537D7799197ABDFD0026A536 /* OWAppDelegate.m */; };
		537D779D197ABDFD0026A536 /* Main.storyboard in Resources */ = {isa = PBXBuildFile; fileRef = 537D779B197ABDFD0026A536 /* Main.storyboard */; };
		537D77A2197ABDFD0026A536 /* Images.xcassets in Resources */ = {isa = PBXBuildFile; fileRef = 537D77A1197ABDFD0026A536 /* Images.xcassets */; };
		537D77A9197ABDFD0026A536 /* XCTest.framework in Frameworks */ = {isa = PBXBuildFile; fileRef = 537D77A8197ABDFD0026A536 /* XCTest.framework */; };
		537D77AA197ABDFD0026A536 /* Foundation.framework in Frameworks */ = {isa = PBXBuildFile; fileRef = 537D7789197ABDFD0026A536 /* Foundation.framework */; };
		537D77AB197ABDFD0026A536 /* UIKit.framework in Frameworks */ = {isa = PBXBuildFile; fileRef = 537D778D197ABDFD0026A536 /* UIKit.framework */; };
		537D77B3197ABDFD0026A536 /* InfoPlist.strings in Resources */ = {isa = PBXBuildFile; fileRef = 537D77B1197ABDFD0026A536 /* InfoPlist.strings */; };
		537D77B5197ABDFD0026A536 /* UITableViewController_Challenge_SolutionTests.m in Sources */ = {isa = PBXBuildFile; fileRef = 537D77B4197ABDFD0026A536 /* UITableViewController_Challenge_SolutionTests.m */; };
		537D77C0197ACAA40026A536 /* OWTableViewController.m in Sources */ = {isa = PBXBuildFile; fileRef = 537D77BF197ACAA40026A536 /* OWTableViewController.m */; };
/* End PBXBuildFile section */

/* Begin PBXContainerItemProxy section */
		537D77AC197ABDFD0026A536 /* PBXContainerItemProxy */ = {
			isa = PBXContainerItemProxy;
			containerPortal = 537D777E197ABDFD0026A536 /* Project object */;
			proxyType = 1;
			remoteGlobalIDString = 537D7785197ABDFD0026A536;
			remoteInfo = "UITableViewController Challenge Solution";
		};
/* End PBXContainerItemProxy section */

/* Begin PBXFileReference section */
		537D7786197ABDFD0026A536 /* UITableViewController Challenge Solution.app */ = {isa = PBXFileReference; explicitFileType = wrapper.application; includeInIndex = 0; path = "UITableViewController Challenge Solution.app"; sourceTree = BUILT_PRODUCTS_DIR; };
		537D7789197ABDFD0026A536 /* Foundation.framework */ = {isa = PBXFileReference; lastKnownFileType = wrapper.framework; name = Foundation.framework; path = System/Library/Frameworks/Foundation.framework; sourceTree = SDKROOT; };
		537D778B197ABDFD0026A536 /* CoreGraphics.framework */ = {isa = PBXFileReference; lastKnownFileType = wrapper.framework; name = CoreGraphics.framework; path = System/Library/Frameworks/CoreGraphics.framework; sourceTree = SDKROOT; };
		537D778D197ABDFD0026A536 /* UIKit.framework */ = {isa = PBXFileReference; lastKnownFileType = wrapper.framework; name = UIKit.framework; path = System/Library/Frameworks/UIKit.framework; sourceTree = SDKROOT; };
		537D7791197ABDFD0026A536 /* UITableViewController Challenge Solution-Info.plist */ = {isa = PBXFileReference; lastKnownFileType = text.plist.xml; path = "UITableViewController Challenge Solution-Info.plist"; sourceTree = "<group>"; };
		537D7793197ABDFD0026A536 /* en */ = {isa = PBXFileReference; lastKnownFileType = text.plist.strings; name = en; path = en.lproj/InfoPlist.strings; sourceTree = "<group>"; };
		537D7795197ABDFD0026A536 /* main.m */ = {isa = PBXFileReference; lastKnownFileType = sourcecode.c.objc; path = main.m; sourceTree = "<group>"; };
		537D7797197ABDFD0026A536 /* UITableViewController Challenge Solution-Prefix.pch */ = {isa = PBXFileReference; lastKnownFileType = sourcecode.c.h; path = "UITableViewController Challenge Solution-Prefix.pch"; sourceTree = "<group>"; };
		537D7798197ABDFD0026A536 /* OWAppDelegate.h */ = {isa = PBXFileReference; lastKnownFileType = sourcecode.c.h; path = OWAppDelegate.h; sourceTree = "<group>"; };
		537D7799197ABDFD0026A536 /* OWAppDelegate.m */ = {isa = PBXFileReference; lastKnownFileType = sourcecode.c.objc; path = OWAppDelegate.m; sourceTree = "<group>"; };
		537D779C197ABDFD0026A536 /* Base */ = {isa = PBXFileReference; lastKnownFileType = file.storyboard; name = Base; path = Base.lproj/Main.storyboard; sourceTree = "<group>"; };
		537D77A1197ABDFD0026A536 /* Images.xcassets */ = {isa = PBXFileReference; lastKnownFileType = folder.assetcatalog; path = Images.xcassets; sourceTree = "<group>"; };
		537D77A7197ABDFD0026A536 /* UITableViewController Challenge SolutionTests.xctest */ = {isa = PBXFileReference; explicitFileType = wrapper.cfbundle; includeInIndex = 0; path = "UITableViewController Challenge SolutionTests.xctest"; sourceTree = BUILT_PRODUCTS_DIR; };
		537D77A8197ABDFD0026A536 /* XCTest.framework */ = {isa = PBXFileReference; lastKnownFileType = wrapper.framework; name = XCTest.framework; path = Library/Frameworks/XCTest.framework; sourceTree = DEVELOPER_DIR; };
		537D77B0197ABDFD0026A536 /* UITableViewController Challenge SolutionTests-Info.plist */ = {isa = PBXFileReference; lastKnownFileType = text.plist.xml; path = "UITableViewController Challenge SolutionTests-Info.plist"; sourceTree = "<group>"; };
		537D77B2197ABDFD0026A536 /* en */ = {isa = PBXFileReference; lastKnownFileType = text.plist.strings; name = en; path = en.lproj/InfoPlist.strings; sourceTree = "<group>"; };
		537D77B4197ABDFD0026A536 /* UITableViewController_Challenge_SolutionTests.m */ = {isa = PBXFileReference; lastKnownFileType = sourcecode.c.objc; path = UITableViewController_Challenge_SolutionTests.m; sourceTree = "<group>"; };
		537D77BE197ACAA40026A536 /* OWTableViewController.h */ = {isa = PBXFileReference; fileEncoding = 4; lastKnownFileType = sourcecode.c.h; path = OWTableViewController.h; sourceTree = "<group>"; };
		537D77BF197ACAA40026A536 /* OWTableViewController.m */ = {isa = PBXFileReference; fileEncoding = 4; lastKnownFileType = sourcecode.c.objc; path = OWTableViewController.m; sourceTree = "<group>"; };
/* End PBXFileReference section */

/* Begin PBXFrameworksBuildPhase section */
		537D7783197ABDFD0026A536 /* Frameworks */ = {
			isa = PBXFrameworksBuildPhase;
			buildActionMask = 2147483647;
			files = (
				537D778C197ABDFD0026A536 /* CoreGraphics.framework in Frameworks */,
				537D778E197ABDFD0026A536 /* UIKit.framework in Frameworks */,
				537D778A197ABDFD0026A536 /* Foundation.framework in Frameworks */,
			);
			runOnlyForDeploymentPostprocessing = 0;
		};
		537D77A4197ABDFD0026A536 /* Frameworks */ = {
			isa = PBXFrameworksBuildPhase;
			buildActionMask = 2147483647;
			files = (
				537D77A9197ABDFD0026A536 /* XCTest.framework in Frameworks */,
				537D77AB197ABDFD0026A536 /* UIKit.framework in Frameworks */,
				537D77AA197ABDFD0026A536 /* Foundation.framework in Frameworks */,
			);
			runOnlyForDeploymentPostprocessing = 0;
		};
/* End PBXFrameworksBuildPhase section */

/* Begin PBXGroup section */
		537D777D197ABDFD0026A536 = {
			isa = PBXGroup;
			children = (
				537D778F197ABDFD0026A536 /* UITableViewController Challenge Solution */,
				537D77AE197ABDFD0026A536 /* UITableViewController Challenge SolutionTests */,
				537D7788197ABDFD0026A536 /* Frameworks */,
				537D7787197ABDFD0026A536 /* Products */,
			);
			sourceTree = "<group>";
		};
		537D7787197ABDFD0026A536 /* Products */ = {
			isa = PBXGroup;
			children = (
				537D7786197ABDFD0026A536 /* UITableViewController Challenge Solution.app */,
				537D77A7197ABDFD0026A536 /* UITableViewController Challenge SolutionTests.xctest */,
			);
			name = Products;
			sourceTree = "<group>";
		};
		537D7788197ABDFD0026A536 /* Frameworks */ = {
			isa = PBXGroup;
			children = (
				537D7789197ABDFD0026A536 /* Foundation.framework */,
				537D778B197ABDFD0026A536 /* CoreGraphics.framework */,
				537D778D197ABDFD0026A536 /* UIKit.framework */,
				537D77A8197ABDFD0026A536 /* XCTest.framework */,
			);
			name = Frameworks;
			sourceTree = "<group>";
		};
		537D778F197ABDFD0026A536 /* UITableViewController Challenge Solution */ = {
			isa = PBXGroup;
			children = (
				537D7798197ABDFD0026A536 /* OWAppDelegate.h */,
				537D7799197ABDFD0026A536 /* OWAppDelegate.m */,
				537D779B197ABDFD0026A536 /* Main.storyboard */,
				537D77BE197ACAA40026A536 /* OWTableViewController.h */,
				537D77BF197ACAA40026A536 /* OWTableViewController.m */,
				537D77A1197ABDFD0026A536 /* Images.xcassets */,
				537D7790197ABDFD0026A536 /* Supporting Files */,
			);
			path = "UITableViewController Challenge Solution";
			sourceTree = "<group>";
		};
		537D7790197ABDFD0026A536 /* Supporting Files */ = {
			isa = PBXGroup;
			children = (
				537D7791197ABDFD0026A536 /* UITableViewController Challenge Solution-Info.plist */,
				537D7792197ABDFD0026A536 /* InfoPlist.strings */,
				537D7795197ABDFD0026A536 /* main.m */,
				537D7797197ABDFD0026A536 /* UITableViewController Challenge Solution-Prefix.pch */,
			);
			name = "Supporting Files";
			sourceTree = "<group>";
		};
		537D77AE197ABDFD0026A536 /* UITableViewController Challenge SolutionTests */ = {
			isa = PBXGroup;
			children = (
				537D77B4197ABDFD0026A536 /* UITableViewController_Challenge_SolutionTests.m */,
				537D77AF197ABDFD0026A536 /* Supporting Files */,
			);
			path = "UITableViewController Challenge SolutionTests";
			sourceTree = "<group>";
		};
		537D77AF197ABDFD0026A536 /* Supporting Files */ = {
			isa = PBXGroup;
			children = (
				537D77B0197ABDFD0026A536 /* UITableViewController Challenge SolutionTests-Info.plist */,
				537D77B1197ABDFD0026A536 /* InfoPlist.strings */,
			);
			name = "Supporting Files";
			sourceTree = "<group>";
		};
/* End PBXGroup section */

/* Begin PBXNativeTarget section */
		537D7785197ABDFD0026A536 /* UITableViewController Challenge Solution */ = {
			isa = PBXNativeTarget;
			buildConfigurationList = 537D77B8197ABDFD0026A536 /* Build configuration list for PBXNativeTarget "UITableViewController Challenge Solution" */;
			buildPhases = (
				537D7782197ABDFD0026A536 /* Sources */,
				537D7783197ABDFD0026A536 /* Frameworks */,
				537D7784197ABDFD0026A536 /* Resources */,
			);
			buildRules = (
			);
			dependencies = (
			);
			name = "UITableViewController Challenge Solution";
			productName = "UITableViewController Challenge Solution";
			productReference = 537D7786197ABDFD0026A536 /* UITableViewController Challenge Solution.app */;
			productType = "com.apple.product-type.application";
		};
		537D77A6197ABDFD0026A536 /* UITableViewController Challenge SolutionTests */ = {
			isa = PBXNativeTarget;
			buildConfigurationList = 537D77BB197ABDFD0026A536 /* Build configuration list for PBXNativeTarget "UITableViewController Challenge SolutionTests" */;
			buildPhases = (
				537D77A3197ABDFD0026A536 /* Sources */,
				537D77A4197ABDFD0026A536 /* Frameworks */,
				537D77A5197ABDFD0026A536 /* Resources */,
			);
			buildRules = (
			);
			dependencies = (
				537D77AD197ABDFD0026A536 /* PBXTargetDependency */,
			);
			name = "UITableViewController Challenge SolutionTests";
			productName = "UITableViewController Challenge SolutionTests";
			productReference = 537D77A7197ABDFD0026A536 /* UITableViewController Challenge SolutionTests.xctest */;
			productType = "com.apple.product-type.bundle.unit-test";
		};
/* End PBXNativeTarget section */

/* Begin PBXProject section */
		537D777E197ABDFD0026A536 /* Project object */ = {
			isa = PBXProject;
			attributes = {
				CLASSPREFIX = OW;
				LastUpgradeCheck = 0510;
				ORGANIZATIONNAME = "Find Carlos";
				TargetAttributes = {
					537D77A6197ABDFD0026A536 = {
						TestTargetID = 537D7785197ABDFD0026A536;
					};
				};
			};
			buildConfigurationList = 537D7781197ABDFD0026A536 /* Build configuration list for PBXProject "UITableViewController Challenge Solution" */;
			compatibilityVersion = "Xcode 3.2";
			developmentRegion = English;
			hasScannedForEncodings = 0;
			knownRegions = (
				en,
				Base,
			);
			mainGroup = 537D777D197ABDFD0026A536;
			productRefGroup = 537D7787197ABDFD0026A536 /* Products */;
			projectDirPath = "";
			projectRoot = "";
			targets = (
				537D7785197ABDFD0026A536 /* UITableViewController Challenge Solution */,
				537D77A6197ABDFD0026A536 /* UITableViewController Challenge SolutionTests */,
			);
		};
/* End PBXProject section */

/* Begin PBXResourcesBuildPhase section */
		537D7784197ABDFD0026A536 /* Resources */ = {
			isa = PBXResourcesBuildPhase;
			buildActionMask = 2147483647;
			files = (
				537D77A2197ABDFD0026A536 /* Images.xcassets in Resources */,
				537D7794197ABDFD0026A536 /* InfoPlist.strings in Resources */,
				537D779D197ABDFD0026A536 /* Main.storyboard in Resources */,
			);
			runOnlyForDeploymentPostprocessing = 0;
		};
		537D77A5197ABDFD0026A536 /* Resources */ = {
			isa = PBXResourcesBuildPhase;
			buildActionMask = 2147483647;
			files = (
				537D77B3197ABDFD0026A536 /* InfoPlist.strings in Resources */,
			);
			runOnlyForDeploymentPostprocessing = 0;
		};
/* End PBXResourcesBuildPhase section */

/* Begin PBXSourcesBuildPhase section */
		537D7782197ABDFD0026A536 /* Sources */ = {
			isa = PBXSourcesBuildPhase;
			buildActionMask = 2147483647;
			files = (
				537D77C0197ACAA40026A536 /* OWTableViewController.m in Sources */,
				537D779A197ABDFD0026A536 /* OWAppDelegate.m in Sources */,
				537D7796197ABDFD0026A536 /* main.m in Sources */,
			);
			runOnlyForDeploymentPostprocessing = 0;
		};
		537D77A3197ABDFD0026A536 /* Sources */ = {
			isa = PBXSourcesBuildPhase;
			buildActionMask = 2147483647;
			files = (
				537D77B5197ABDFD0026A536 /* UITableViewController_Challenge_SolutionTests.m in Sources */,
			);
			runOnlyForDeploymentPostprocessing = 0;
		};
/* End PBXSourcesBuildPhase section */

/* Begin PBXTargetDependency section */
		537D77AD197ABDFD0026A536 /* PBXTargetDependency */ = {
			isa = PBXTargetDependency;
			target = 537D7785197ABDFD0026A536 /* UITableViewController Challenge Solution */;
			targetProxy = 537D77AC197ABDFD0026A536 /* PBXContainerItemProxy */;
		};
/* End PBXTargetDependency section */

/* Begin PBXVariantGroup section */
		537D7792197ABDFD0026A536 /* InfoPlist.strings */ = {
			isa = PBXVariantGroup;
			children = (
				537D7793197ABDFD0026A536 /* en */,
			);
			name = InfoPlist.strings;
			sourceTree = "<group>";
		};
		537D779B197ABDFD0026A536 /* Main.storyboard */ = {
			isa = PBXVariantGroup;
			children = (
				537D779C197ABDFD0026A536 /* Base */,
			);
			name = Main.storyboard;
			sourceTree = "<group>";
		};
		537D77B1197ABDFD0026A536 /* InfoPlist.strings */ = {
			isa = PBXVariantGroup;
			children = (
				537D77B2197ABDFD0026A536 /* en */,
			);
			name = InfoPlist.strings;
			sourceTree = "<group>";
		};
/* End PBXVariantGroup section */

/* Begin XCBuildConfiguration section */
		537D77B6197ABDFD0026A536 /* Debug */ = {
			isa = XCBuildConfiguration;
			buildSettings = {
				ALWAYS_SEARCH_USER_PATHS = NO;
				CLANG_CXX_LANGUAGE_STANDARD = "gnu++0x";
				CLANG_CXX_LIBRARY = "libc++";
				CLANG_ENABLE_MODULES = YES;
				CLANG_ENABLE_OBJC_ARC = YES;
				CLANG_WARN_BOOL_CONVERSION = YES;
				CLANG_WARN_CONSTANT_CONVERSION = YES;
				CLANG_WARN_DIRECT_OBJC_ISA_USAGE = YES_ERROR;
				CLANG_WARN_EMPTY_BODY = YES;
				CLANG_WARN_ENUM_CONVERSION = YES;
				CLANG_WARN_INT_CONVERSION = YES;
				CLANG_WARN_OBJC_ROOT_CLASS = YES_ERROR;
				CLANG_WARN__DUPLICATE_METHOD_MATCH = YES;
				"CODE_SIGN_IDENTITY[sdk=iphoneos*]" = "iPhone Developer";
				COPY_PHASE_STRIP = NO;
				GCC_C_LANGUAGE_STANDARD = gnu99;
				GCC_DYNAMIC_NO_PIC = NO;
				GCC_OPTIMIZATION_LEVEL = 0;
				GCC_PREPROCESSOR_DEFINITIONS = (
					"DEBUG=1",
					"$(inherited)",
				);
				GCC_SYMBOLS_PRIVATE_EXTERN = NO;
				GCC_WARN_64_TO_32_BIT_CONVERSION = YES;
				GCC_WARN_ABOUT_RETURN_TYPE = YES_ERROR;
				GCC_WARN_UNDECLARED_SELECTOR = YES;
				GCC_WARN_UNINITIALIZED_AUTOS = YES_AGGRESSIVE;
				GCC_WARN_UNUSED_FUNCTION = YES;
				GCC_WARN_UNUSED_VARIABLE = YES;
				IPHONEOS_DEPLOYMENT_TARGET = 7.1;
				ONLY_ACTIVE_ARCH = YES;
				SDKROOT = iphoneos;
			};
			name = Debug;
		};
		537D77B7197ABDFD0026A536 /* Release */ = {
			isa = XCBuildConfiguration;
			buildSettings = {
				ALWAYS_SEARCH_USER_PATHS = NO;
				CLANG_CXX_LANGUAGE_STANDARD = "gnu++0x";
				CLANG_CXX_LIBRARY = "libc++";
				CLANG_ENABLE_MODULES = YES;
				CLANG_ENABLE_OBJC_ARC = YES;
				CLANG_WARN_BOOL_CONVERSION = YES;
				CLANG_WARN_CONSTANT_CONVERSION = YES;
				CLANG_WARN_DIRECT_OBJC_ISA_USAGE = YES_ERROR;
				CLANG_WARN_EMPTY_BODY = YES;
				CLANG_WARN_ENUM_CONVERSION = YES;
				CLANG_WARN_INT_CONVERSION = YES;
				CLANG_WARN_OBJC_ROOT_CLASS = YES_ERROR;
				CLANG_WARN__DUPLICATE_METHOD_MATCH = YES;
				"CODE_SIGN_IDENTITY[sdk=iphoneos*]" = "iPhone Developer";
				COPY_PHASE_STRIP = YES;
				ENABLE_NS_ASSERTIONS = NO;
				GCC_C_LANGUAGE_STANDARD = gnu99;
				GCC_WARN_64_TO_32_BIT_CONVERSION = YES;
				GCC_WARN_ABOUT_RETURN_TYPE = YES_ERROR;
				GCC_WARN_UNDECLARED_SELECTOR = YES;
				GCC_WARN_UNINITIALIZED_AUTOS = YES_AGGRESSIVE;
				GCC_WARN_UNUSED_FUNCTION = YES;
				GCC_WARN_UNUSED_VARIABLE = YES;
				IPHONEOS_DEPLOYMENT_TARGET = 7.1;
				SDKROOT = iphoneos;
				VALIDATE_PRODUCT = YES;
			};
			name = Release;
		};
		537D77B9197ABDFD0026A536 /* Debug */ = {
			isa = XCBuildConfiguration;
			buildSettings = {
				ASSETCATALOG_COMPILER_APPICON_NAME = AppIcon;
				ASSETCATALOG_COMPILER_LAUNCHIMAGE_NAME = LaunchImage;
				GCC_PRECOMPILE_PREFIX_HEADER = YES;
				GCC_PREFIX_HEADER = "UITableViewController Challenge Solution/UITableViewController Challenge Solution-Prefix.pch";
				INFOPLIST_FILE = "UITableViewController Challenge Solution/UITableViewController Challenge Solution-Info.plist";
				PRODUCT_NAME = "$(TARGET_NAME)";
				WRAPPER_EXTENSION = app;
			};
			name = Debug;
		};
		537D77BA197ABDFD0026A536 /* Release */ = {
			isa = XCBuildConfiguration;
			buildSettings = {
				ASSETCATALOG_COMPILER_APPICON_NAME = AppIcon;
				ASSETCATALOG_COMPILER_LAUNCHIMAGE_NAME = LaunchImage;
				GCC_PRECOMPILE_PREFIX_HEADER = YES;
				GCC_PREFIX_HEADER = "UITableViewController Challenge Solution/UITableViewController Challenge Solution-Prefix.pch";
				INFOPLIST_FILE = "UITableViewController Challenge Solution/UITableViewController Challenge Solution-Info.plist";
				PRODUCT_NAME = "$(TARGET_NAME)";
				WRAPPER_EXTENSION = app;
			};
			name = Release;
		};
		537D77BC197ABDFD0026A536 /* Debug */ = {
			isa = XCBuildConfiguration;
			buildSettings = {
				BUNDLE_LOADER = "$(BUILT_PRODUCTS_DIR)/UITableViewController Challenge Solution.app/UITableViewController Challenge Solution";
				FRAMEWORK_SEARCH_PATHS = (
					"$(SDKROOT)/Developer/Library/Frameworks",
					"$(inherited)",
					"$(DEVELOPER_FRAMEWORKS_DIR)",
				);
				GCC_PRECOMPILE_PREFIX_HEADER = YES;
				GCC_PREFIX_HEADER = "UITableViewController Challenge Solution/UITableViewController Challenge Solution-Prefix.pch";
				GCC_PREPROCESSOR_DEFINITIONS = (
					"DEBUG=1",
					"$(inherited)",
				);
				INFOPLIST_FILE = "UITableViewController Challenge SolutionTests/UITableViewController Challenge SolutionTests-Info.plist";
				PRODUCT_NAME = "$(TARGET_NAME)";
				TEST_HOST = "$(BUNDLE_LOADER)";
				WRAPPER_EXTENSION = xctest;
			};
			name = Debug;
		};
		537D77BD197ABDFD0026A536 /* Release */ = {
			isa = XCBuildConfiguration;
			buildSettings = {
				BUNDLE_LOADER = "$(BUILT_PRODUCTS_DIR)/UITableViewController Challenge Solution.app/UITableViewController Challenge Solution";
				FRAMEWORK_SEARCH_PATHS = (
					"$(SDKROOT)/Developer/Library/Frameworks",
					"$(inherited)",
					"$(DEVELOPER_FRAMEWORKS_DIR)",
				);
				GCC_PRECOMPILE_PREFIX_HEADER = YES;
				GCC_PREFIX_HEADER = "UITableViewController Challenge Solution/UITableViewController Challenge Solution-Prefix.pch";
				INFOPLIST_FILE = "UITableViewController Challenge SolutionTests/UITableViewController Challenge SolutionTests-Info.plist";
				PRODUCT_NAME = "$(TARGET_NAME)";
				TEST_HOST = "$(BUNDLE_LOADER)";
				WRAPPER_EXTENSION = xctest;
			};
			name = Release;
		};
/* End XCBuildConfiguration section */

/* Begin XCConfigurationList section */
		537D7781197ABDFD0026A536 /* Build configuration list for PBXProject "UITableViewController Challenge Solution" */ = {
			isa = XCConfigurationList;
			buildConfigurations = (
				537D77B6197ABDFD0026A536 /* Debug */,
				537D77B7197ABDFD0026A536 /* Release */,
			);
			defaultConfigurationIsVisible = 0;
			defaultConfigurationName = Release;
		};
		537D77B8197ABDFD0026A536 /* Build configuration list for PBXNativeTarget "UITableViewController Challenge Solution" */ = {
			isa = XCConfigurationList;
			buildConfigurations = (
				537D77B9197ABDFD0026A536 /* Debug */,
				537D77BA197ABDFD0026A536 /* Release */,
			);
			defaultConfigurationIsVisible = 0;
		};
		537D77BB197ABDFD0026A536 /* Build configuration list for PBXNativeTarget "UITableViewController Challenge SolutionTests" */ = {
			isa = XCConfigurationList;
			buildConfigurations = (
				537D77BC197ABDFD0026A536 /* Debug */,
				537D77BD197ABDFD0026A536 /* Release */,
			);
			defaultConfigurationIsVisible = 0;
		};
/* End XCConfigurationList section */
	};
	rootObject = 537D777E197ABDFD0026A536 /* Project object */;
}
